{
  "requires": true,
  "lockfileVersion": 1,
  "dependencies": {
    "tablesort": {
      "version": "5.2.1",
      "resolved": "https://registry.npmjs.org/tablesort/-/tablesort-5.2.1.tgz",
      "integrity": "sha512-AmNSrtzyba5Bd+Fm8oJJj/xS2bj5acoHEsDHxER2/4Tzo+5noPORpEsSLT9dI15X2MIuXlNnj+BBQcpMsoeTXQ=="
    }
  }
}
